
Microsoft Visual Studio Solution File, Format Version 12.00
# Visual Studio Version 17
VisualStudioVersion = 17.0.32112.339
MinimumVisualStudioVersion = 10.0.40219.1
Project("{FAE04EC0-301F-11D3-BF4B-00C04F79EFBC}") = "dz6", "dz6\dz6.csproj", "{49B35283-723C-4934-9A50-7AFC3F202423}"
EndProject
Global
	GlobalSection(SolutionConfigurationPlatforms) = preSolution
		Debug|Any CPU = Debug|Any CPU
		Release|Any CPU = Release|Any CPU
	EndGlobalSection
	GlobalSection(ProjectConfigurationPlatforms) = postSolution
		{49B35283-723C-4934-9A50-7AFC3F202423}.Debug|Any CPU.ActiveCfg = Debug|Any CPU
		{49B35283-723C-4934-9A50-7AFC3F202423}.Debug|Any CPU.Build.0 = Debug|Any CPU
		{49B35283-723C-4934-9A50-7AFC3F202423}.Release|Any CPU.ActiveCfg = Release|Any CPU
		{49B35283-723C-4934-9A50-7AFC3F202423}.Release|Any CPU.Build.0 = Release|Any CPU
	EndGlobalSection
	GlobalSection(SolutionProperties) = preSolution
		HideSolutionNode = FALSE
	EndGlobalSection
	GlobalSection(ExtensibilityGlobals) = postSolution
		SolutionGuid = {6438F007-B4A2-4D02-BD66-2B5534131CE5}
	EndGlobalSection
EndGlobal
